
Microsoft Visual Studio Solution File, Format Version 12.00
# Visual Studio Version 17
VisualStudioVersion = 17.9.34723.18
MinimumVisualStudioVersion = 10.0.40219.1
Project("{9A19103F-16F7-4668-BE54-9A1E7A4F7556}") = "DriveOrganizer3000", "DriveOrganizer3000.csproj", "{A79D31C4-6DCE-477B-9352-CA0B1BB015F1}"
EndProject
Global
	GlobalSection(SolutionConfigurationPlatforms) = preSolution
		Debug|Any CPU = Debug|Any CPU
		Release|Any CPU = Release|Any CPU
	EndGlobalSection
	GlobalSection(ProjectConfigurationPlatforms) = postSolution
		{A79D31C4-6DCE-477B-9352-CA0B1BB015F1}.Debug|Any CPU.ActiveCfg = Debug|Any CPU
		{A79D31C4-6DCE-477B-9352-CA0B1BB015F1}.Debug|Any CPU.Build.0 = Debug|Any CPU
		{A79D31C4-6DCE-477B-9352-CA0B1BB015F1}.Release|Any CPU.ActiveCfg = Release|Any CPU
		{A79D31C4-6DCE-477B-9352-CA0B1BB015F1}.Release|Any CPU.Build.0 = Release|Any CPU
	EndGlobalSection
	GlobalSection(SolutionProperties) = preSolution
		HideSolutionNode = FALSE
	EndGlobalSection
	GlobalSection(ExtensibilityGlobals) = postSolution
		SolutionGuid = {F891407B-64A0-4D26-8B66-34375A02DAB9}
	EndGlobalSection
EndGlobal
